
Microsoft Visual Studio Solution File, Format Version 12.00
# Visual Studio Version 16
VisualStudioVersion = 16.0.31205.134
MinimumVisualStudioVersion = 10.0.40219.1
Project("{FAE04EC0-301F-11D3-BF4B-00C04F79EFBC}") = "ReportsApplication1", "ReportsApplication1\ReportsApplication1.csproj", "{60805423-0FE1-44B5-9615-860389B7E7B5}"
EndProject
Project("{FAE04EC0-301F-11D3-BF4B-00C04F79EFBC}") = "ReportsApplication2", "..\ReportsApplication2\ReportsApplication2\ReportsApplication2.csproj", "{EC57539B-4982-4A8D-BAD9-0E565F9F5B94}"
EndProject
Global
	GlobalSection(SolutionConfigurationPlatforms) = preSolution
		Debug|Any CPU = Debug|Any CPU
		Release|Any CPU = Release|Any CPU
	EndGlobalSection
	GlobalSection(ProjectConfigurationPlatforms) = postSolution
		{60805423-0FE1-44B5-9615-860389B7E7B5}.Debug|Any CPU.ActiveCfg = Debug|Any CPU
		{60805423-0FE1-44B5-9615-860389B7E7B5}.Debug|Any CPU.Build.0 = Debug|Any CPU
		{60805423-0FE1-44B5-9615-860389B7E7B5}.Release|Any CPU.ActiveCfg = Release|Any CPU
		{60805423-0FE1-44B5-9615-860389B7E7B5}.Release|Any CPU.Build.0 = Release|Any CPU
		{EC57539B-4982-4A8D-BAD9-0E565F9F5B94}.Debug|Any CPU.ActiveCfg = Debug|Any CPU
		{EC57539B-4982-4A8D-BAD9-0E565F9F5B94}.Debug|Any CPU.Build.0 = Debug|Any CPU
		{EC57539B-4982-4A8D-BAD9-0E565F9F5B94}.Release|Any CPU.ActiveCfg = Release|Any CPU
		{EC57539B-4982-4A8D-BAD9-0E565F9F5B94}.Release|Any CPU.Build.0 = Release|Any CPU
	EndGlobalSection
	GlobalSection(SolutionProperties) = preSolution
		HideSolutionNode = FALSE
	EndGlobalSection
	GlobalSection(ExtensibilityGlobals) = postSolution
		SolutionGuid = {9EDC3330-E7A1-44A3-B159-3A2A4B750351}
	EndGlobalSection
EndGlobal
